// !$*UTF8*$!
{
	archiveVersion = 1;
	classes = {
	};
	objectVersion = 48;
	objects = {

/* Begin PBXBuildFile section */
		719520041F6ECA59009523F6 /* AppDelegate.swift in Sources */ = {isa = PBXBuildFile; fileRef = 719520031F6ECA59009523F6 /* AppDelegate.swift */; };
		719520061F6ECA59009523F6 /* FeedViewController.swift in Sources */ = {isa = PBXBuildFile; fileRef = 719520051F6ECA59009523F6 /* FeedViewController.swift */; };
		719520091F6ECA59009523F6 /* Main.storyboard in Resources */ = {isa = PBXBuildFile; fileRef = 719520071F6ECA59009523F6 /* Main.storyboard */; };
		7195200B1F6ECA59009523F6 /* Assets.xcassets in Resources */ = {isa = PBXBuildFile; fileRef = 7195200A1F6ECA59009523F6 /* Assets.xcassets */; };
		7195200E1F6ECA59009523F6 /* LaunchScreen.storyboard in Resources */ = {isa = PBXBuildFile; fileRef = 7195200C1F6ECA59009523F6 /* LaunchScreen.storyboard */; };
		719520231F6EE83B009523F6 /* AVENGEANCE HEROIC AVENGER AT.otf in Resources */ = {isa = PBXBuildFile; fileRef = 719520161F6EE5FD009523F6 /* AVENGEANCE HEROIC AVENGER AT.otf */; };
		719520241F6EE83B009523F6 /* AVENGEANCE HEROIC AVENGER AT.ttf in Resources */ = {isa = PBXBuildFile; fileRef = 719520171F6EE5FD009523F6 /* AVENGEANCE HEROIC AVENGER AT.ttf */; };
		719520251F6EE83B009523F6 /* AVENGEANCE HEROIC AVENGER BD.otf in Resources */ = {isa = PBXBuildFile; fileRef = 719520181F6EE5FD009523F6 /* AVENGEANCE HEROIC AVENGER BD.otf */; };
		719520261F6EE83B009523F6 /* AVENGEANCE HEROIC AVENGER BD.ttf in Resources */ = {isa = PBXBuildFile; fileRef = 719520191F6EE5FD009523F6 /* AVENGEANCE HEROIC AVENGER BD.ttf */; };
		719520271F6EE83B009523F6 /* AVENGEANCE HEROIC AVENGER BI.otf in Resources */ = {isa = PBXBuildFile; fileRef = 7195201A1F6EE5FD009523F6 /* AVENGEANCE HEROIC AVENGER BI.otf */; };
		719520281F6EE83B009523F6 /* AVENGEANCE HEROIC AVENGER BI.ttf in Resources */ = {isa = PBXBuildFile; fileRef = 7195201B1F6EE5FD009523F6 /* AVENGEANCE HEROIC AVENGER BI.ttf */; };
		719520291F6EE83B009523F6 /* AVENGEANCE HEROIC AVENGER.otf in Resources */ = {isa = PBXBuildFile; fileRef = 7195201C1F6EE5FD009523F6 /* AVENGEANCE HEROIC AVENGER.otf */; };
		7195202A1F6EE83B009523F6 /* AVENGEANCE HEROIC AVENGER.ttf in Resources */ = {isa = PBXBuildFile; fileRef = 7195201D1F6EE5FD009523F6 /* AVENGEANCE HEROIC AVENGER.ttf */; };
		7195202B1F6EE83B009523F6 /* AVENGEANCE MIGHTIEST AVENGER.otf in Resources */ = {isa = PBXBuildFile; fileRef = 7195201E1F6EE5FD009523F6 /* AVENGEANCE MIGHTIEST AVENGER.otf */; };
		7195202C1F6EE83B009523F6 /* AVENGEANCE MIGHTIEST AVENGER.ttf in Resources */ = {isa = PBXBuildFile; fileRef = 7195201F1F6EE5FD009523F6 /* AVENGEANCE MIGHTIEST AVENGER.ttf */; };
		7195202D1F6EE83B009523F6 /* AVENGEANCE.otf in Resources */ = {isa = PBXBuildFile; fileRef = 719520201F6EE5FD009523F6 /* AVENGEANCE.otf */; };
		7195202E1F6EE83B009523F6 /* AVENGEANCE.ttf in Resources */ = {isa = PBXBuildFile; fileRef = 719520211F6EE5FD009523F6 /* AVENGEANCE.ttf */; };
/* End PBXBuildFile section */

/* Begin PBXFileReference section */
		719520001F6ECA59009523F6 /* BabyMonitor.app */ = {isa = PBXFileReference; explicitFileType = wrapper.application; includeInIndex = 0; path = BabyMonitor.app; sourceTree = BUILT_PRODUCTS_DIR; };
		719520031F6ECA59009523F6 /* AppDelegate.swift */ = {isa = PBXFileReference; lastKnownFileType = sourcecode.swift; path = AppDelegate.swift; sourceTree = "<group>"; };
		719520051F6ECA59009523F6 /* FeedViewController.swift */ = {isa = PBXFileReference; lastKnownFileType = sourcecode.swift; path = FeedViewController.swift; sourceTree = "<group>"; };
		719520081F6ECA59009523F6 /* Base */ = {isa = PBXFileReference; lastKnownFileType = file.storyboard; name = Base; path = Base.lproj/Main.storyboard; sourceTree = "<group>"; };
		7195200A1F6ECA59009523F6 /* Assets.xcassets */ = {isa = PBXFileReference; lastKnownFileType = folder.assetcatalog; path = Assets.xcassets; sourceTree = "<group>"; };
		7195200D1F6ECA59009523F6 /* Base */ = {isa = PBXFileReference; lastKnownFileType = file.storyboard; name = Base; path = Base.lproj/LaunchScreen.storyboard; sourceTree = "<group>"; };
		7195200F1F6ECA59009523F6 /* Info.plist */ = {isa = PBXFileReference; lastKnownFileType = text.plist.xml; path = Info.plist; sourceTree = "<group>"; };
		719520161F6EE5FD009523F6 /* AVENGEANCE HEROIC AVENGER AT.otf */ = {isa = PBXFileReference; lastKnownFileType = file; path = "AVENGEANCE HEROIC AVENGER AT.otf"; sourceTree = "<group>"; };
		719520171F6EE5FD009523F6 /* AVENGEANCE HEROIC AVENGER AT.ttf */ = {isa = PBXFileReference; lastKnownFileType = file; path = "AVENGEANCE HEROIC AVENGER AT.ttf"; sourceTree = "<group>"; };
		719520181F6EE5FD009523F6 /* AVENGEANCE HEROIC AVENGER BD.otf */ = {isa = PBXFileReference; lastKnownFileType = file; path = "AVENGEANCE HEROIC AVENGER BD.otf"; sourceTree = "<group>"; };
		719520191F6EE5FD009523F6 /* AVENGEANCE HEROIC AVENGER BD.ttf */ = {isa = PBXFileReference; lastKnownFileType = file; path = "AVENGEANCE HEROIC AVENGER BD.ttf"; sourceTree = "<group>"; };
		7195201A1F6EE5FD009523F6 /* AVENGEANCE HEROIC AVENGER BI.otf */ = {isa = PBXFileReference; lastKnownFileType = file; path = "AVENGEANCE HEROIC AVENGER BI.otf"; sourceTree = "<group>"; };
		7195201B1F6EE5FD009523F6 /* AVENGEANCE HEROIC AVENGER BI.ttf */ = {isa = PBXFileReference; lastKnownFileType = file; path = "AVENGEANCE HEROIC AVENGER BI.ttf"; sourceTree = "<group>"; };
		7195201C1F6EE5FD009523F6 /* AVENGEANCE HEROIC AVENGER.otf */ = {isa = PBXFileReference; lastKnownFileType = file; path = "AVENGEANCE HEROIC AVENGER.otf"; sourceTree = "<group>"; };
		7195201D1F6EE5FD009523F6 /* AVENGEANCE HEROIC AVENGER.ttf */ = {isa = PBXFileReference; lastKnownFileType = file; path = "AVENGEANCE HEROIC AVENGER.ttf"; sourceTree = "<group>"; };
		7195201E1F6EE5FD009523F6 /* AVENGEANCE MIGHTIEST AVENGER.otf */ = {isa = PBXFileReference; lastKnownFileType = file; path = "AVENGEANCE MIGHTIEST AVENGER.otf"; sourceTree = "<group>"; };
		7195201F1F6EE5FD009523F6 /* AVENGEANCE MIGHTIEST AVENGER.ttf */ = {isa = PBXFileReference; lastKnownFileType = file; path = "AVENGEANCE MIGHTIEST AVENGER.ttf"; sourceTree = "<group>"; };
		719520201F6EE5FD009523F6 /* AVENGEANCE.otf */ = {isa = PBXFileReference; lastKnownFileType = file; path = AVENGEANCE.otf; sourceTree = "<group>"; };
		719520211F6EE5FD009523F6 /* AVENGEANCE.ttf */ = {isa = PBXFileReference; lastKnownFileType = file; path = AVENGEANCE.ttf; sourceTree = "<group>"; };
/* End PBXFileReference section */

/* Begin PBXFrameworksBuildPhase section */
		71951FFD1F6ECA59009523F6 /* Frameworks */ = {
			isa = PBXFrameworksBuildPhase;
			buildActionMask = 2147483647;
			files = (
			);
			runOnlyForDeploymentPostprocessing = 0;
		};
/* End PBXFrameworksBuildPhase section */

/* Begin PBXGroup section */
		71951FF71F6ECA59009523F6 = {
			isa = PBXGroup;
			children = (
				719520021F6ECA59009523F6 /* BabyMonitor */,
				719520011F6ECA59009523F6 /* Products */,
			);
			sourceTree = "<group>";
		};
		719520011F6ECA59009523F6 /* Products */ = {
			isa = PBXGroup;
			children = (
				719520001F6ECA59009523F6 /* BabyMonitor.app */,
			);
			name = Products;
			sourceTree = "<group>";
		};
		719520021F6ECA59009523F6 /* BabyMonitor */ = {
			isa = PBXGroup;
			children = (
				719520031F6ECA59009523F6 /* AppDelegate.swift */,
				719520051F6ECA59009523F6 /* FeedViewController.swift */,
				719520071F6ECA59009523F6 /* Main.storyboard */,
				7195200A1F6ECA59009523F6 /* Assets.xcassets */,
				7195200C1F6ECA59009523F6 /* LaunchScreen.storyboard */,
				7195200F1F6ECA59009523F6 /* Info.plist */,
				719520151F6EE5FD009523F6 /* the-fontry_avengeance */,
			);
			path = BabyMonitor;
			sourceTree = "<group>";
		};
		719520151F6EE5FD009523F6 /* the-fontry_avengeance */ = {
			isa = PBXGroup;
			children = (
				719520161F6EE5FD009523F6 /* AVENGEANCE HEROIC AVENGER AT.otf */,
				719520171F6EE5FD009523F6 /* AVENGEANCE HEROIC AVENGER AT.ttf */,
				719520181F6EE5FD009523F6 /* AVENGEANCE HEROIC AVENGER BD.otf */,
				719520191F6EE5FD009523F6 /* AVENGEANCE HEROIC AVENGER BD.ttf */,
				7195201A1F6EE5FD009523F6 /* AVENGEANCE HEROIC AVENGER BI.otf */,
				7195201B1F6EE5FD009523F6 /* AVENGEANCE HEROIC AVENGER BI.ttf */,
				7195201C1F6EE5FD009523F6 /* AVENGEANCE HEROIC AVENGER.otf */,
				7195201D1F6EE5FD009523F6 /* AVENGEANCE HEROIC AVENGER.ttf */,
				7195201E1F6EE5FD009523F6 /* AVENGEANCE MIGHTIEST AVENGER.otf */,
				7195201F1F6EE5FD009523F6 /* AVENGEANCE MIGHTIEST AVENGER.ttf */,
				719520201F6EE5FD009523F6 /* AVENGEANCE.otf */,
				719520211F6EE5FD009523F6 /* AVENGEANCE.ttf */,
			);
			path = "the-fontry_avengeance";
			sourceTree = "<group>";
		};
/* End PBXGroup section */

/* Begin PBXNativeTarget section */
		71951FFF1F6ECA59009523F6 /* BabyMonitor */ = {
			isa = PBXNativeTarget;
			buildConfigurationList = 719520121F6ECA59009523F6 /* Build configuration list for PBXNativeTarget "BabyMonitor" */;
			buildPhases = (
				71951FFC1F6ECA59009523F6 /* Sources */,
				71951FFD1F6ECA59009523F6 /* Frameworks */,
				71951FFE1F6ECA59009523F6 /* Resources */,
			);
			buildRules = (
			);
			dependencies = (
			);
			name = BabyMonitor;
			productName = BabyMonitor;
			productReference = 719520001F6ECA59009523F6 /* BabyMonitor.app */;
			productType = "com.apple.product-type.application";
		};
/* End PBXNativeTarget section */

/* Begin PBXProject section */
		71951FF81F6ECA59009523F6 /* Project object */ = {
			isa = PBXProject;
			attributes = {
				LastSwiftUpdateCheck = 0900;
				LastUpgradeCheck = 0900;
				ORGANIZATIONNAME = OffensivelyBad;
				TargetAttributes = {
					71951FFF1F6ECA59009523F6 = {
						CreatedOnToolsVersion = 9.0;
						ProvisioningStyle = Automatic;
					};
				};
			};
			buildConfigurationList = 71951FFB1F6ECA59009523F6 /* Build configuration list for PBXProject "BabyMonitor" */;
			compatibilityVersion = "Xcode 8.0";
			developmentRegion = en;
			hasScannedForEncodings = 0;
			knownRegions = (
				en,
				Base,
			);
			mainGroup = 71951FF71F6ECA59009523F6;
			productRefGroup = 719520011F6ECA59009523F6 /* Products */;
			projectDirPath = "";
			projectRoot = "";
			targets = (
				71951FFF1F6ECA59009523F6 /* BabyMonitor */,
			);
		};
/* End PBXProject section */

/* Begin PBXResourcesBuildPhase section */
		71951FFE1F6ECA59009523F6 /* Resources */ = {
			isa = PBXResourcesBuildPhase;
			buildActionMask = 2147483647;
			files = (
				7195202B1F6EE83B009523F6 /* AVENGEANCE MIGHTIEST AVENGER.otf in Resources */,
				719520251F6EE83B009523F6 /* AVENGEANCE HEROIC AVENGER BD.otf in Resources */,
				719520241F6EE83B009523F6 /* AVENGEANCE HEROIC AVENGER AT.ttf in Resources */,
				7195202A1F6EE83B009523F6 /* AVENGEANCE HEROIC AVENGER.ttf in Resources */,
				719520271F6EE83B009523F6 /* AVENGEANCE HEROIC AVENGER BI.otf in Resources */,
				719520291F6EE83B009523F6 /* AVENGEANCE HEROIC AVENGER.otf in Resources */,
				7195202E1F6EE83B009523F6 /* AVENGEANCE.ttf in Resources */,
				7195200E1F6ECA59009523F6 /* LaunchScreen.storyboard in Resources */,
				719520261F6EE83B009523F6 /* AVENGEANCE HEROIC AVENGER BD.ttf in Resources */,
				7195200B1F6ECA59009523F6 /* Assets.xcassets in Resources */,
				719520231F6EE83B009523F6 /* AVENGEANCE HEROIC AVENGER AT.otf in Resources */,
				7195202C1F6EE83B009523F6 /* AVENGEANCE MIGHTIEST AVENGER.ttf in Resources */,
				719520281F6EE83B009523F6 /* AVENGEANCE HEROIC AVENGER BI.ttf in Resources */,
				7195202D1F6EE83B009523F6 /* AVENGEANCE.otf in Resources */,
				719520091F6ECA59009523F6 /* Main.storyboard in Resources */,
			);
			runOnlyForDeploymentPostprocessing = 0;
		};
/* End PBXResourcesBuildPhase section */

/* Begin PBXSourcesBuildPhase section */
		71951FFC1F6ECA59009523F6 /* Sources */ = {
			isa = PBXSourcesBuildPhase;
			buildActionMask = 2147483647;
			files = (
				719520061F6ECA59009523F6 /* FeedViewController.swift in Sources */,
				719520041F6ECA59009523F6 /* AppDelegate.swift in Sources */,
			);
			runOnlyForDeploymentPostprocessing = 0;
		};
/* End PBXSourcesBuildPhase section */

/* Begin PBXVariantGroup section */
		719520071F6ECA59009523F6 /* Main.storyboard */ = {
			isa = PBXVariantGroup;
			children = (
				719520081F6ECA59009523F6 /* Base */,
			);
			name = Main.storyboard;
			sourceTree = "<group>";
		};
		7195200C1F6ECA59009523F6 /* LaunchScreen.storyboard */ = {
			isa = PBXVariantGroup;
			children = (
				7195200D1F6ECA59009523F6 /* Base */,
			);
			name = LaunchScreen.storyboard;
			sourceTree = "<group>";
		};
/* End PBXVariantGroup section */

/* Begin XCBuildConfiguration section */
		719520101F6ECA59009523F6 /* Debug */ = {
			isa = XCBuildConfiguration;
			buildSettings = {
				ALWAYS_SEARCH_USER_PATHS = NO;
				CLANG_ANALYZER_NONNULL = YES;
				CLANG_ANALYZER_NUMBER_OBJECT_CONVERSION = YES_AGGRESSIVE;
				CLANG_CXX_LANGUAGE_STANDARD = "gnu++14";
				CLANG_CXX_LIBRARY = "libc++";
				CLANG_ENABLE_MODULES = YES;
				CLANG_ENABLE_OBJC_ARC = YES;
				CLANG_WARN_BLOCK_CAPTURE_AUTORELEASING = YES;
				CLANG_WARN_BOOL_CONVERSION = YES;
				CLANG_WARN_COMMA = YES;
				CLANG_WARN_CONSTANT_CONVERSION = YES;
				CLANG_WARN_DIRECT_OBJC_ISA_USAGE = YES_ERROR;
				CLANG_WARN_DOCUMENTATION_COMMENTS = YES;
				CLANG_WARN_EMPTY_BODY = YES;
				CLANG_WARN_ENUM_CONVERSION = YES;
				CLANG_WARN_INFINITE_RECURSION = YES;
				CLANG_WARN_INT_CONVERSION = YES;
				CLANG_WARN_NON_LITERAL_NULL_CONVERSION = YES;
				CLANG_WARN_OBJC_LITERAL_CONVERSION = YES;
				CLANG_WARN_OBJC_ROOT_CLASS = YES_ERROR;
				CLANG_WARN_RANGE_LOOP_ANALYSIS = YES;
				CLANG_WARN_STRICT_PROTOTYPES = YES;
				CLANG_WARN_SUSPICIOUS_MOVE = YES;
				CLANG_WARN_UNGUARDED_AVAILABILITY = YES_AGGRESSIVE;
				CLANG_WARN_UNREACHABLE_CODE = YES;
				CLANG_WARN__DUPLICATE_METHOD_MATCH = YES;
				CODE_SIGN_IDENTITY = "iPhone Developer";
				COPY_PHASE_STRIP = NO;
				DEBUG_INFORMATION_FORMAT = dwarf;
				ENABLE_STRICT_OBJC_MSGSEND = YES;
				ENABLE_TESTABILITY = YES;
				GCC_C_LANGUAGE_STANDARD = gnu11;
				GCC_DYNAMIC_NO_PIC = NO;
				GCC_NO_COMMON_BLOCKS = YES;
				GCC_OPTIMIZATION_LEVEL = 0;
				GCC_PREPROCESSOR_DEFINITIONS = (
					"DEBUG=1",
					"$(inherited)",
				);
				GCC_WARN_64_TO_32_BIT_CONVERSION = YES;
				GCC_WARN_ABOUT_RETURN_TYPE = YES_ERROR;
				GCC_WARN_UNDECLARED_SELECTOR = YES;
				GCC_WARN_UNINITIALIZED_AUTOS = YES_AGGRESSIVE;
				GCC_WARN_UNUSED_FUNCTION = YES;
				GCC_WARN_UNUSED_VARIABLE = YES;
				IPHONEOS_DEPLOYMENT_TARGET = 11.0;
				MTL_ENABLE_DEBUG_INFO = YES;
				ONLY_ACTIVE_ARCH = YES;
				SDKROOT = iphoneos;
				SWIFT_ACTIVE_COMPILATION_CONDITIONS = DEBUG;
				SWIFT_OPTIMIZATION_LEVEL = "-Onone";
			};
			name = Debug;
		};
		719520111F6ECA59009523F6 /* Release */ = {
			isa = XCBuildConfiguration;
			buildSettings = {
				ALWAYS_SEARCH_USER_PATHS = NO;
				CLANG_ANALYZER_NONNULL = YES;
				CLANG_ANALYZER_NUMBER_OBJECT_CONVERSION = YES_AGGRESSIVE;
				CLANG_CXX_LANGUAGE_STANDARD = "gnu++14";
				CLANG_CXX_LIBRARY = "libc++";
				CLANG_ENABLE_MODULES = YES;
				CLANG_ENABLE_OBJC_ARC = YES;
				CLANG_WARN_BLOCK_CAPTURE_AUTORELEASING = YES;
				CLANG_WARN_BOOL_CONVERSION = YES;
				CLANG_WARN_COMMA = YES;
				CLANG_WARN_CONSTANT_CONVERSION = YES;
				CLANG_WARN_DIRECT_OBJC_ISA_USAGE = YES_ERROR;
				CLANG_WARN_DOCUMENTATION_COMMENTS = YES;
				CLANG_WARN_EMPTY_BODY = YES;
				CLANG_WARN_ENUM_CONVERSION = YES;
				CLANG_WARN_INFINITE_RECURSION = YES;
				CLANG_WARN_INT_CONVERSION = YES;
				CLANG_WARN_NON_LITERAL_NULL_CONVERSION = YES;
				CLANG_WARN_OBJC_LITERAL_CONVERSION = YES;
				CLANG_WARN_OBJC_ROOT_CLASS = YES_ERROR;
				CLANG_WARN_RANGE_LOOP_ANALYSIS = YES;
				CLANG_WARN_STRICT_PROTOTYPES = YES;
				CLANG_WARN_SUSPICIOUS_MOVE = YES;
				CLANG_WARN_UNGUARDED_AVAILABILITY = YES_AGGRESSIVE;
				CLANG_WARN_UNREACHABLE_CODE = YES;
				CLANG_WARN__DUPLICATE_METHOD_MATCH = YES;
				CODE_SIGN_IDENTITY = "iPhone Developer";
				COPY_PHASE_STRIP = NO;
				DEBUG_INFORMATION_FORMAT = "dwarf-with-dsym";
				ENABLE_NS_ASSERTIONS = NO;
				ENABLE_STRICT_OBJC_MSGSEND = YES;
				GCC_C_LANGUAGE_STANDARD = gnu11;
				GCC_NO_COMMON_BLOCKS = YES;
				GCC_WARN_64_TO_32_BIT_CONVERSION = YES;
				GCC_WARN_ABOUT_RETURN_TYPE = YES_ERROR;
				GCC_WARN_UNDECLARED_SELECTOR = YES;
				GCC_WARN_UNINITIALIZED_AUTOS = YES_AGGRESSIVE;
				GCC_WARN_UNUSED_FUNCTION = YES;
				GCC_WARN_UNUSED_VARIABLE = YES;
				IPHONEOS_DEPLOYMENT_TARGET = 11.0;
				MTL_ENABLE_DEBUG_INFO = NO;
				SDKROOT = iphoneos;
				SWIFT_OPTIMIZATION_LEVEL = "-Owholemodule";
				VALIDATE_PRODUCT = YES;
			};
			name = Release;
		};
		719520131F6ECA59009523F6 /* Debug */ = {
			isa = XCBuildConfiguration;
			buildSettings = {
				ASSETCATALOG_COMPILER_APPICON_NAME = AppIcon;
				CODE_SIGN_STYLE = Automatic;
				DEVELOPMENT_TEAM = EWH85CQYYJ;
				INFOPLIST_FILE = BabyMonitor/Info.plist;
				IPHONEOS_DEPLOYMENT_TARGET = 9.3;
				LD_RUNPATH_SEARCH_PATHS = "$(inherited) @executable_path/Frameworks";
				PRODUCT_BUNDLE_IDENTIFIER = "com.offensively-bad.BabyMonitor";
				PRODUCT_NAME = "$(TARGET_NAME)";
				SWIFT_VERSION = 4.0;
				TARGETED_DEVICE_FAMILY = "1,2";
			};
			name = Debug;
		};
		719520141F6ECA59009523F6 /* Release */ = {
			isa = XCBuildConfiguration;
			buildSettings = {
				ASSETCATALOG_COMPILER_APPICON_NAME = AppIcon;
				CODE_SIGN_STYLE = Automatic;
				DEVELOPMENT_TEAM = EWH85CQYYJ;
				INFOPLIST_FILE = BabyMonitor/Info.plist;
				IPHONEOS_DEPLOYMENT_TARGET = 9.3;
				LD_RUNPATH_SEARCH_PATHS = "$(inherited) @executable_path/Frameworks";
				PRODUCT_BUNDLE_IDENTIFIER = "com.offensively-bad.BabyMonitor";
				PRODUCT_NAME = "$(TARGET_NAME)";
				SWIFT_VERSION = 4.0;
				TARGETED_DEVICE_FAMILY = "1,2";
			};
			name = Release;
		};
/* End XCBuildConfiguration section */

/* Begin XCConfigurationList section */
		71951FFB1F6ECA59009523F6 /* Build configuration list for PBXProject "BabyMonitor" */ = {
			isa = XCConfigurationList;
			buildConfigurations = (
				719520101F6ECA59009523F6 /* Debug */,
				719520111F6ECA59009523F6 /* Release */,
			);
			defaultConfigurationIsVisible = 0;
			defaultConfigurationName = Release;
		};
		719520121F6ECA59009523F6 /* Build configuration list for PBXNativeTarget "BabyMonitor" */ = {
			isa = XCConfigurationList;
			buildConfigurations = (
				719520131F6ECA59009523F6 /* Debug */,
				719520141F6ECA59009523F6 /* Release */,
			);
			defaultConfigurationIsVisible = 0;
			defaultConfigurationName = Release;
		};
/* End XCConfigurationList section */
	};
	rootObject = 71951FF81F6ECA59009523F6 /* Project object */;
}
